
Microsoft Visual Studio Solution File, Format Version 12.00
# Visual Studio 14
VisualStudioVersion = 14.0.24720.0
MinimumVisualStudioVersion = 10.0.40219.1
Project("{FAE04EC0-301F-11D3-BF4B-00C04F79EFBC}") = "MathWithContextCalculatorTests", "MathWithContextCalculatorTests\MathWithContextCalculatorTests.csproj", "{40758447-24E3-45B0-AAEF-43E255ACA0AF}"
EndProject
Project("{FAE04EC0-301F-11D3-BF4B-00C04F79EFBC}") = "MathWithContextCalculator", "MathWithContextCalculator\MathWithContextCalculator.csproj", "{ECB0B0F3-1D4E-4A83-96A0-BCF1EC33505D}"
EndProject
Project("{FAE04EC0-301F-11D3-BF4B-00C04F79EFBC}") = "UI", "UI\UI.csproj", "{61012908-ADEB-45CA-AADD-837CF2E1133C}"
EndProject
Global
	GlobalSection(SolutionConfigurationPlatforms) = preSolution
		Debug|Any CPU = Debug|Any CPU
		Release|Any CPU = Release|Any CPU
	EndGlobalSection
	GlobalSection(ProjectConfigurationPlatforms) = postSolution
		{40758447-24E3-45B0-AAEF-43E255ACA0AF}.Debug|Any CPU.ActiveCfg = Debug|Any CPU
		{40758447-24E3-45B0-AAEF-43E255ACA0AF}.Debug|Any CPU.Build.0 = Debug|Any CPU
		{40758447-24E3-45B0-AAEF-43E255ACA0AF}.Release|Any CPU.ActiveCfg = Release|Any CPU
		{40758447-24E3-45B0-AAEF-43E255ACA0AF}.Release|Any CPU.Build.0 = Release|Any CPU
		{ECB0B0F3-1D4E-4A83-96A0-BCF1EC33505D}.Debug|Any CPU.ActiveCfg = Debug|Any CPU
		{ECB0B0F3-1D4E-4A83-96A0-BCF1EC33505D}.Debug|Any CPU.Build.0 = Debug|Any CPU
		{ECB0B0F3-1D4E-4A83-96A0-BCF1EC33505D}.Release|Any CPU.ActiveCfg = Release|Any CPU
		{ECB0B0F3-1D4E-4A83-96A0-BCF1EC33505D}.Release|Any CPU.Build.0 = Release|Any CPU
		{61012908-ADEB-45CA-AADD-837CF2E1133C}.Debug|Any CPU.ActiveCfg = Debug|Any CPU
		{61012908-ADEB-45CA-AADD-837CF2E1133C}.Debug|Any CPU.Build.0 = Debug|Any CPU
		{61012908-ADEB-45CA-AADD-837CF2E1133C}.Release|Any CPU.ActiveCfg = Release|Any CPU
		{61012908-ADEB-45CA-AADD-837CF2E1133C}.Release|Any CPU.Build.0 = Release|Any CPU
	EndGlobalSection
	GlobalSection(SolutionProperties) = preSolution
		HideSolutionNode = FALSE
	EndGlobalSection
EndGlobal
